
Microsoft Visual Studio Solution File, Format Version 12.00
# Visual Studio Version 17
VisualStudioVersion = 17.5.33530.505
MinimumVisualStudioVersion = 10.0.40219.1
Project("{8BC9CEB8-8B4A-11D0-8D11-00A0C91BC942}") = "Lab_07_OOP", "Lab_07_OOP\Lab_07_OOP.vcxproj", "{8D601364-5C1B-41BA-9322-DCA78873710C}"
EndProject
Project("{8BC9CEB8-8B4A-11D0-8D11-00A0C91BC942}") = "GoogleTests_Lab_07", "GoogleTests_Lab_07\GoogleTests_Lab_07.vcxproj", "{1826F043-4F5C-47AE-85A7-0A1BF28E81E6}"
EndProject
Global
	GlobalSection(SolutionConfigurationPlatforms) = preSolution
		Debug|x64 = Debug|x64
		Debug|x86 = Debug|x86
		Release|x64 = Release|x64
		Release|x86 = Release|x86
	EndGlobalSection
	GlobalSection(ProjectConfigurationPlatforms) = postSolution
		{8D601364-5C1B-41BA-9322-DCA78873710C}.Debug|x64.ActiveCfg = Debug|x64
		{8D601364-5C1B-41BA-9322-DCA78873710C}.Debug|x64.Build.0 = Debug|x64
		{8D601364-5C1B-41BA-9322-DCA78873710C}.Debug|x86.ActiveCfg = Debug|Win32
		{8D601364-5C1B-41BA-9322-DCA78873710C}.Debug|x86.Build.0 = Debug|Win32
		{8D601364-5C1B-41BA-9322-DCA78873710C}.Release|x64.ActiveCfg = Release|x64
		{8D601364-5C1B-41BA-9322-DCA78873710C}.Release|x64.Build.0 = Release|x64
		{8D601364-5C1B-41BA-9322-DCA78873710C}.Release|x86.ActiveCfg = Release|Win32
		{8D601364-5C1B-41BA-9322-DCA78873710C}.Release|x86.Build.0 = Release|Win32
		{1826F043-4F5C-47AE-85A7-0A1BF28E81E6}.Debug|x64.ActiveCfg = Debug|x64
		{1826F043-4F5C-47AE-85A7-0A1BF28E81E6}.Debug|x64.Build.0 = Debug|x64
		{1826F043-4F5C-47AE-85A7-0A1BF28E81E6}.Debug|x86.ActiveCfg = Debug|Win32
		{1826F043-4F5C-47AE-85A7-0A1BF28E81E6}.Debug|x86.Build.0 = Debug|Win32
		{1826F043-4F5C-47AE-85A7-0A1BF28E81E6}.Release|x64.ActiveCfg = Release|x64
		{1826F043-4F5C-47AE-85A7-0A1BF28E81E6}.Release|x64.Build.0 = Release|x64
		{1826F043-4F5C-47AE-85A7-0A1BF28E81E6}.Release|x86.ActiveCfg = Release|Win32
		{1826F043-4F5C-47AE-85A7-0A1BF28E81E6}.Release|x86.Build.0 = Release|Win32
	EndGlobalSection
	GlobalSection(SolutionProperties) = preSolution
		HideSolutionNode = FALSE
	EndGlobalSection
	GlobalSection(ExtensibilityGlobals) = postSolution
		SolutionGuid = {C0A063A6-A2E2-4901-89B6-899E0A02ED8E}
	EndGlobalSection
EndGlobal
