
Microsoft Visual Studio Solution File, Format Version 12.00
# Visual Studio Version 17
VisualStudioVersion = 17.3.32922.545
MinimumVisualStudioVersion = 10.0.40219.1
Project("{8BC9CEB8-8B4A-11D0-8D11-00A0C91BC942}") = "Lab_03_OOP", "Lab_03_OOP\Lab_03_OOP.vcxproj", "{5B9D4D3E-04AC-4F38-A807-41C36DE4209E}"
EndProject
Global
	GlobalSection(SolutionConfigurationPlatforms) = preSolution
		Debug|x64 = Debug|x64
		Debug|x86 = Debug|x86
		Release|x64 = Release|x64
		Release|x86 = Release|x86
	EndGlobalSection
	GlobalSection(ProjectConfigurationPlatforms) = postSolution
		{5B9D4D3E-04AC-4F38-A807-41C36DE4209E}.Debug|x64.ActiveCfg = Debug|x64
		{5B9D4D3E-04AC-4F38-A807-41C36DE4209E}.Debug|x64.Build.0 = Debug|x64
		{5B9D4D3E-04AC-4F38-A807-41C36DE4209E}.Debug|x86.ActiveCfg = Debug|Win32
		{5B9D4D3E-04AC-4F38-A807-41C36DE4209E}.Debug|x86.Build.0 = Debug|Win32
		{5B9D4D3E-04AC-4F38-A807-41C36DE4209E}.Release|x64.ActiveCfg = Release|x64
		{5B9D4D3E-04AC-4F38-A807-41C36DE4209E}.Release|x64.Build.0 = Release|x64
		{5B9D4D3E-04AC-4F38-A807-41C36DE4209E}.Release|x86.ActiveCfg = Release|Win32
		{5B9D4D3E-04AC-4F38-A807-41C36DE4209E}.Release|x86.Build.0 = Release|Win32
	EndGlobalSection
	GlobalSection(SolutionProperties) = preSolution
		HideSolutionNode = FALSE
	EndGlobalSection
	GlobalSection(ExtensibilityGlobals) = postSolution
		SolutionGuid = {E3189C51-F59D-42A8-ABC1-D6FFC3FEA53D}
	EndGlobalSection
EndGlobal
